
Microsoft Visual Studio Solution File, Format Version 12.00
# Visual Studio Version 16
VisualStudioVersion = 16.0.31829.152
MinimumVisualStudioVersion = 10.0.40219.1
Project("{FAE04EC0-301F-11D3-BF4B-00C04F79EFBC}") = "OOP_vlastni", "OOP_vlastni\OOP_vlastni.csproj", "{07DB0C70-F1F8-4B68-8A99-09E0F68DA1E1}"
EndProject
Global
	GlobalSection(SolutionConfigurationPlatforms) = preSolution
		Debug|Any CPU = Debug|Any CPU
		Release|Any CPU = Release|Any CPU
	EndGlobalSection
	GlobalSection(ProjectConfigurationPlatforms) = postSolution
		{07DB0C70-F1F8-4B68-8A99-09E0F68DA1E1}.Debug|Any CPU.ActiveCfg = Debug|Any CPU
		{07DB0C70-F1F8-4B68-8A99-09E0F68DA1E1}.Debug|Any CPU.Build.0 = Debug|Any CPU
		{07DB0C70-F1F8-4B68-8A99-09E0F68DA1E1}.Release|Any CPU.ActiveCfg = Release|Any CPU
		{07DB0C70-F1F8-4B68-8A99-09E0F68DA1E1}.Release|Any CPU.Build.0 = Release|Any CPU
	EndGlobalSection
	GlobalSection(SolutionProperties) = preSolution
		HideSolutionNode = FALSE
	EndGlobalSection
	GlobalSection(ExtensibilityGlobals) = postSolution
		SolutionGuid = {8BBB465C-6C36-48B5-A2CE-EF7B3933A856}
	EndGlobalSection
EndGlobal
